
Microsoft Visual Studio Solution File, Format Version 12.00
# Visual Studio Version 16
VisualStudioVersion = 16.0.30804.86
MinimumVisualStudioVersion = 10.0.40219.1
Project("{FAE04EC0-301F-11D3-BF4B-00C04F79EFBC}") = "Secao4_Exercicio1", "Secao4_Exercicio1\Secao4_Exercicio1.csproj", "{2EE8894D-A6E0-4A78-BA8E-079BC2B750DB}"
EndProject
Global
	GlobalSection(SolutionConfigurationPlatforms) = preSolution
		Debug|Any CPU = Debug|Any CPU
		Release|Any CPU = Release|Any CPU
	EndGlobalSection
	GlobalSection(ProjectConfigurationPlatforms) = postSolution
		{2EE8894D-A6E0-4A78-BA8E-079BC2B750DB}.Debug|Any CPU.ActiveCfg = Debug|Any CPU
		{2EE8894D-A6E0-4A78-BA8E-079BC2B750DB}.Debug|Any CPU.Build.0 = Debug|Any CPU
		{2EE8894D-A6E0-4A78-BA8E-079BC2B750DB}.Release|Any CPU.ActiveCfg = Release|Any CPU
		{2EE8894D-A6E0-4A78-BA8E-079BC2B750DB}.Release|Any CPU.Build.0 = Release|Any CPU
	EndGlobalSection
	GlobalSection(SolutionProperties) = preSolution
		HideSolutionNode = FALSE
	EndGlobalSection
	GlobalSection(ExtensibilityGlobals) = postSolution
		SolutionGuid = {49BE9CA8-1F95-413E-A49F-194E65CB9AB5}
	EndGlobalSection
EndGlobal
