
Microsoft Visual Studio Solution File, Format Version 12.00
# Visual Studio Version 16
VisualStudioVersion = 16.0.30804.86
MinimumVisualStudioVersion = 10.0.40219.1
Project("{FAE04EC0-301F-11D3-BF4B-00C04F79EFBC}") = "Secao4_Ex2", "Secao4_Ex2\Secao4_Ex2.csproj", "{36DB09B7-D5B9-4240-968F-D9EC480BAE05}"
EndProject
Global
	GlobalSection(SolutionConfigurationPlatforms) = preSolution
		Debug|Any CPU = Debug|Any CPU
		Release|Any CPU = Release|Any CPU
	EndGlobalSection
	GlobalSection(ProjectConfigurationPlatforms) = postSolution
		{36DB09B7-D5B9-4240-968F-D9EC480BAE05}.Debug|Any CPU.ActiveCfg = Debug|Any CPU
		{36DB09B7-D5B9-4240-968F-D9EC480BAE05}.Debug|Any CPU.Build.0 = Debug|Any CPU
		{36DB09B7-D5B9-4240-968F-D9EC480BAE05}.Release|Any CPU.ActiveCfg = Release|Any CPU
		{36DB09B7-D5B9-4240-968F-D9EC480BAE05}.Release|Any CPU.Build.0 = Release|Any CPU
	EndGlobalSection
	GlobalSection(SolutionProperties) = preSolution
		HideSolutionNode = FALSE
	EndGlobalSection
	GlobalSection(ExtensibilityGlobals) = postSolution
		SolutionGuid = {08EDBD11-1E1F-434C-A40B-2772A060D21E}
	EndGlobalSection
EndGlobal
