
Microsoft Visual Studio Solution File, Format Version 12.00
# Visual Studio Version 16
VisualStudioVersion = 16.0.30804.86
MinimumVisualStudioVersion = 10.0.40219.1
Project("{FAE04EC0-301F-11D3-BF4B-00C04F79EFBC}") = "Secao15_Exemplo1", "Secao15_Exemplo1\Secao15_Exemplo1.csproj", "{AE3CD236-B5BC-487E-A659-9EDDC2C69BED}"
EndProject
Global
	GlobalSection(SolutionConfigurationPlatforms) = preSolution
		Debug|Any CPU = Debug|Any CPU
		Release|Any CPU = Release|Any CPU
	EndGlobalSection
	GlobalSection(ProjectConfigurationPlatforms) = postSolution
		{AE3CD236-B5BC-487E-A659-9EDDC2C69BED}.Debug|Any CPU.ActiveCfg = Debug|Any CPU
		{AE3CD236-B5BC-487E-A659-9EDDC2C69BED}.Debug|Any CPU.Build.0 = Debug|Any CPU
		{AE3CD236-B5BC-487E-A659-9EDDC2C69BED}.Release|Any CPU.ActiveCfg = Release|Any CPU
		{AE3CD236-B5BC-487E-A659-9EDDC2C69BED}.Release|Any CPU.Build.0 = Release|Any CPU
	EndGlobalSection
	GlobalSection(SolutionProperties) = preSolution
		HideSolutionNode = FALSE
	EndGlobalSection
	GlobalSection(ExtensibilityGlobals) = postSolution
		SolutionGuid = {B43F0A3A-3BFF-4424-B165-2F17AEBE8F6E}
	EndGlobalSection
EndGlobal
